
Microsoft Visual Studio Solution File, Format Version 12.00
# Visual Studio Version 17
VisualStudioVersion = 17.13.35825.156
MinimumVisualStudioVersion = 10.0.40219.1
Project("{FAE04EC0-301F-11D3-BF4B-00C04F79EFBC}") = "FrontendTapAndGo", "FrontendTapAndGo.csproj", "{56676E9B-AC06-4BCE-9A5D-0EDCC6B31B97}"
EndProject
Project("{2150E333-8FDC-42A3-9474-1A3956D46DE8}") = "Elementos de la solución", "Elementos de la solución", "{D107F4C8-89CC-BEA8-D3D7-CA6B7733353D}"
	ProjectSection(SolutionItems) = preProject
		.gitignore = .gitignore
	EndProjectSection
EndProject
Global
	GlobalSection(SolutionConfigurationPlatforms) = preSolution
		Debug|Any CPU = Debug|Any CPU
		Release|Any CPU = Release|Any CPU
	EndGlobalSection
	GlobalSection(ProjectConfigurationPlatforms) = postSolution
		{56676E9B-AC06-4BCE-9A5D-0EDCC6B31B97}.Debug|Any CPU.ActiveCfg = Debug|Any CPU
		{56676E9B-AC06-4BCE-9A5D-0EDCC6B31B97}.Debug|Any CPU.Build.0 = Debug|Any CPU
		{56676E9B-AC06-4BCE-9A5D-0EDCC6B31B97}.Release|Any CPU.ActiveCfg = Release|Any CPU
		{56676E9B-AC06-4BCE-9A5D-0EDCC6B31B97}.Release|Any CPU.Build.0 = Release|Any CPU
	EndGlobalSection
	GlobalSection(SolutionProperties) = preSolution
		HideSolutionNode = FALSE
	EndGlobalSection
	GlobalSection(ExtensibilityGlobals) = postSolution
		SolutionGuid = {B748C786-9022-45D8-A3E2-59FB6F960020}
	EndGlobalSection
EndGlobal
